
Microsoft Visual Studio Solution File, Format Version 12.00
# Visual Studio Version 17
VisualStudioVersion = 17.14.36603.0 d17.14
MinimumVisualStudioVersion = 10.0.40219.1
Project("{FAE04EC0-301F-11D3-BF4B-00C04F79EFBC}") = "BankingApp", "BankingApp\BankingApp.csproj", "{CAD58AAA-0235-49DE-B189-B96D30C80DE4}"
EndProject
Global
	GlobalSection(SolutionConfigurationPlatforms) = preSolution
		Debug|Any CPU = Debug|Any CPU
		Release|Any CPU = Release|Any CPU
	EndGlobalSection
	GlobalSection(ProjectConfigurationPlatforms) = postSolution
		{CAD58AAA-0235-49DE-B189-B96D30C80DE4}.Debug|Any CPU.ActiveCfg = Debug|Any CPU
		{CAD58AAA-0235-49DE-B189-B96D30C80DE4}.Debug|Any CPU.Build.0 = Debug|Any CPU
		{CAD58AAA-0235-49DE-B189-B96D30C80DE4}.Release|Any CPU.ActiveCfg = Release|Any CPU
		{CAD58AAA-0235-49DE-B189-B96D30C80DE4}.Release|Any CPU.Build.0 = Release|Any CPU
	EndGlobalSection
	GlobalSection(SolutionProperties) = preSolution
		HideSolutionNode = FALSE
	EndGlobalSection
	GlobalSection(ExtensibilityGlobals) = postSolution
		SolutionGuid = {AC37EDA4-1FEC-4871-BD7D-650DADA096CE}
	EndGlobalSection
EndGlobal
